// !$*UTF8*$!
{
	archiveVersion = 1;
	classes = {
	};
	objectVersion = 46;
	objects = {

/* Begin PBXBuildFile section */
		279E2CCF18512B3900E82947 /* Foundation.framework in Frameworks */ = {isa = PBXBuildFile; fileRef = 279E2CCE18512B3900E82947 /* Foundation.framework */; };
		279E2CD118512B3900E82947 /* CoreGraphics.framework in Frameworks */ = {isa = PBXBuildFile; fileRef = 279E2CD018512B3900E82947 /* CoreGraphics.framework */; };
		279E2CD318512B3900E82947 /* UIKit.framework in Frameworks */ = {isa = PBXBuildFile; fileRef = 279E2CD218512B3900E82947 /* UIKit.framework */; };
		279E2CD518512B3900E82947 /* SpriteKit.framework in Frameworks */ = {isa = PBXBuildFile; fileRef = 279E2CD418512B3900E82947 /* SpriteKit.framework */; };
		279E2CDB18512B3900E82947 /* InfoPlist.strings in Resources */ = {isa = PBXBuildFile; fileRef = 279E2CD918512B3900E82947 /* InfoPlist.strings */; };
		279E2CDD18512B3900E82947 /* main.m in Sources */ = {isa = PBXBuildFile; fileRef = 279E2CDC18512B3900E82947 /* main.m */; };
		279E2CE118512B3900E82947 /* LBAppDelegate.m in Sources */ = {isa = PBXBuildFile; fileRef = 279E2CE018512B3900E82947 /* LBAppDelegate.m */; };
		279E2CE418512B3900E82947 /* Main_iPhone.storyboard in Resources */ = {isa = PBXBuildFile; fileRef = 279E2CE218512B3900E82947 /* Main_iPhone.storyboard */; };
		279E2CE718512B3900E82947 /* Main_iPad.storyboard in Resources */ = {isa = PBXBuildFile; fileRef = 279E2CE518512B3900E82947 /* Main_iPad.storyboard */; };
		279E2CEA18512B3900E82947 /* LBViewController.m in Sources */ = {isa = PBXBuildFile; fileRef = 279E2CE918512B3900E82947 /* LBViewController.m */; };
		279E2CED18512B3900E82947 /* LBMyScene.m in Sources */ = {isa = PBXBuildFile; fileRef = 279E2CEC18512B3900E82947 /* LBMyScene.m */; };
		279E2CEF18512B3900E82947 /* Spaceship.png in Resources */ = {isa = PBXBuildFile; fileRef = 279E2CEE18512B3900E82947 /* Spaceship.png */; };
		279E2CF118512B3900E82947 /* Images.xcassets in Resources */ = {isa = PBXBuildFile; fileRef = 279E2CF018512B3900E82947 /* Images.xcassets */; };
		279E2CF818512B3900E82947 /* XCTest.framework in Frameworks */ = {isa = PBXBuildFile; fileRef = 279E2CF718512B3900E82947 /* XCTest.framework */; };
		279E2CF918512B3900E82947 /* Foundation.framework in Frameworks */ = {isa = PBXBuildFile; fileRef = 279E2CCE18512B3900E82947 /* Foundation.framework */; };
		279E2CFA18512B3900E82947 /* UIKit.framework in Frameworks */ = {isa = PBXBuildFile; fileRef = 279E2CD218512B3900E82947 /* UIKit.framework */; };
		279E2D0218512B3900E82947 /* InfoPlist.strings in Resources */ = {isa = PBXBuildFile; fileRef = 279E2D0018512B3900E82947 /* InfoPlist.strings */; };
		279E2D0418512B3900E82947 /* LightBurstTests.m in Sources */ = {isa = PBXBuildFile; fileRef = 279E2D0318512B3900E82947 /* LightBurstTests.m */; };
/* End PBXBuildFile section */

/* Begin PBXContainerItemProxy section */
		279E2CFB18512B3900E82947 /* PBXContainerItemProxy */ = {
			isa = PBXContainerItemProxy;
			containerPortal = 279E2CC318512B3800E82947 /* Project object */;
			proxyType = 1;
			remoteGlobalIDString = 279E2CCA18512B3900E82947;
			remoteInfo = LightBurst;
		};
/* End PBXContainerItemProxy section */

/* Begin PBXFileReference section */
		279E2CCB18512B3900E82947 /* LightBurst.app */ = {isa = PBXFileReference; explicitFileType = wrapper.application; includeInIndex = 0; path = LightBurst.app; sourceTree = BUILT_PRODUCTS_DIR; };
		279E2CCE18512B3900E82947 /* Foundation.framework */ = {isa = PBXFileReference; lastKnownFileType = wrapper.framework; name = Foundation.framework; path = System/Library/Frameworks/Foundation.framework; sourceTree = SDKROOT; };
		279E2CD018512B3900E82947 /* CoreGraphics.framework */ = {isa = PBXFileReference; lastKnownFileType = wrapper.framework; name = CoreGraphics.framework; path = System/Library/Frameworks/CoreGraphics.framework; sourceTree = SDKROOT; };
		279E2CD218512B3900E82947 /* UIKit.framework */ = {isa = PBXFileReference; lastKnownFileType = wrapper.framework; name = UIKit.framework; path = System/Library/Frameworks/UIKit.framework; sourceTree = SDKROOT; };
		279E2CD418512B3900E82947 /* SpriteKit.framework */ = {isa = PBXFileReference; lastKnownFileType = wrapper.framework; name = SpriteKit.framework; path = System/Library/Frameworks/SpriteKit.framework; sourceTree = SDKROOT; };
		279E2CD818512B3900E82947 /* LightBurst-Info.plist */ = {isa = PBXFileReference; lastKnownFileType = text.plist.xml; path = "LightBurst-Info.plist"; sourceTree = "<group>"; };
		279E2CDA18512B3900E82947 /* en */ = {isa = PBXFileReference; lastKnownFileType = text.plist.strings; name = en; path = en.lproj/InfoPlist.strings; sourceTree = "<group>"; };
		279E2CDC18512B3900E82947 /* main.m */ = {isa = PBXFileReference; lastKnownFileType = sourcecode.c.objc; path = main.m; sourceTree = "<group>"; };
		279E2CDE18512B3900E82947 /* LightBurst-Prefix.pch */ = {isa = PBXFileReference; lastKnownFileType = sourcecode.c.h; path = "LightBurst-Prefix.pch"; sourceTree = "<group>"; };
		279E2CDF18512B3900E82947 /* LBAppDelegate.h */ = {isa = PBXFileReference; lastKnownFileType = sourcecode.c.h; path = LBAppDelegate.h; sourceTree = "<group>"; };
		279E2CE018512B3900E82947 /* LBAppDelegate.m */ = {isa = PBXFileReference; lastKnownFileType = sourcecode.c.objc; path = LBAppDelegate.m; sourceTree = "<group>"; };
		279E2CE318512B3900E82947 /* Base */ = {isa = PBXFileReference; lastKnownFileType = file.storyboard; name = Base; path = Base.lproj/Main_iPhone.storyboard; sourceTree = "<group>"; };
		279E2CE618512B3900E82947 /* Base */ = {isa = PBXFileReference; lastKnownFileType = file.storyboard; name = Base; path = Base.lproj/Main_iPad.storyboard; sourceTree = "<group>"; };
		279E2CE818512B3900E82947 /* LBViewController.h */ = {isa = PBXFileReference; lastKnownFileType = sourcecode.c.h; path = LBViewController.h; sourceTree = "<group>"; };
		279E2CE918512B3900E82947 /* LBViewController.m */ = {isa = PBXFileReference; lastKnownFileType = sourcecode.c.objc; path = LBViewController.m; sourceTree = "<group>"; };
		279E2CEB18512B3900E82947 /* LBMyScene.h */ = {isa = PBXFileReference; lastKnownFileType = sourcecode.c.h; path = LBMyScene.h; sourceTree = "<group>"; };
		279E2CEC18512B3900E82947 /* LBMyScene.m */ = {isa = PBXFileReference; lastKnownFileType = sourcecode.c.objc; path = LBMyScene.m; sourceTree = "<group>"; };
		279E2CEE18512B3900E82947 /* Spaceship.png */ = {isa = PBXFileReference; lastKnownFileType = image.png; path = Spaceship.png; sourceTree = "<group>"; };
		279E2CF018512B3900E82947 /* Images.xcassets */ = {isa = PBXFileReference; lastKnownFileType = folder.assetcatalog; path = Images.xcassets; sourceTree = "<group>"; };
		279E2CF618512B3900E82947 /* LightBurstTests.xctest */ = {isa = PBXFileReference; explicitFileType = wrapper.cfbundle; includeInIndex = 0; path = LightBurstTests.xctest; sourceTree = BUILT_PRODUCTS_DIR; };
		279E2CF718512B3900E82947 /* XCTest.framework */ = {isa = PBXFileReference; lastKnownFileType = wrapper.framework; name = XCTest.framework; path = Library/Frameworks/XCTest.framework; sourceTree = DEVELOPER_DIR; };
		279E2CFF18512B3900E82947 /* LightBurstTests-Info.plist */ = {isa = PBXFileReference; lastKnownFileType = text.plist.xml; path = "LightBurstTests-Info.plist"; sourceTree = "<group>"; };
		279E2D0118512B3900E82947 /* en */ = {isa = PBXFileReference; lastKnownFileType = text.plist.strings; name = en; path = en.lproj/InfoPlist.strings; sourceTree = "<group>"; };
		279E2D0318512B3900E82947 /* LightBurstTests.m */ = {isa = PBXFileReference; lastKnownFileType = sourcecode.c.objc; path = LightBurstTests.m; sourceTree = "<group>"; };
/* End PBXFileReference section */

/* Begin PBXFrameworksBuildPhase section */
		279E2CC818512B3900E82947 /* Frameworks */ = {
			isa = PBXFrameworksBuildPhase;
			buildActionMask = 2147483647;
			files = (
				279E2CD118512B3900E82947 /* CoreGraphics.framework in Frameworks */,
				279E2CD318512B3900E82947 /* UIKit.framework in Frameworks */,
				279E2CD518512B3900E82947 /* SpriteKit.framework in Frameworks */,
				279E2CCF18512B3900E82947 /* Foundation.framework in Frameworks */,
			);
			runOnlyForDeploymentPostprocessing = 0;
		};
		279E2CF318512B3900E82947 /* Frameworks */ = {
			isa = PBXFrameworksBuildPhase;
			buildActionMask = 2147483647;
			files = (
				279E2CF818512B3900E82947 /* XCTest.framework in Frameworks */,
				279E2CFA18512B3900E82947 /* UIKit.framework in Frameworks */,
				279E2CF918512B3900E82947 /* Foundation.framework in Frameworks */,
			);
			runOnlyForDeploymentPostprocessing = 0;
		};
/* End PBXFrameworksBuildPhase section */

/* Begin PBXGroup section */
		279E2CC218512B3800E82947 = {
			isa = PBXGroup;
			children = (
				279E2CD618512B3900E82947 /* LightBurst */,
				279E2CFD18512B3900E82947 /* LightBurstTests */,
				279E2CCD18512B3900E82947 /* Frameworks */,
				279E2CCC18512B3900E82947 /* Products */,
			);
			sourceTree = "<group>";
		};
		279E2CCC18512B3900E82947 /* Products */ = {
			isa = PBXGroup;
			children = (
				279E2CCB18512B3900E82947 /* LightBurst.app */,
				279E2CF618512B3900E82947 /* LightBurstTests.xctest */,
			);
			name = Products;
			sourceTree = "<group>";
		};
		279E2CCD18512B3900E82947 /* Frameworks */ = {
			isa = PBXGroup;
			children = (
				279E2CCE18512B3900E82947 /* Foundation.framework */,
				279E2CD018512B3900E82947 /* CoreGraphics.framework */,
				279E2CD218512B3900E82947 /* UIKit.framework */,
				279E2CD418512B3900E82947 /* SpriteKit.framework */,
				279E2CF718512B3900E82947 /* XCTest.framework */,
			);
			name = Frameworks;
			sourceTree = "<group>";
		};
		279E2CD618512B3900E82947 /* LightBurst */ = {
			isa = PBXGroup;
			children = (
				279E2CDF18512B3900E82947 /* LBAppDelegate.h */,
				279E2CE018512B3900E82947 /* LBAppDelegate.m */,
				279E2CE218512B3900E82947 /* Main_iPhone.storyboard */,
				279E2CE518512B3900E82947 /* Main_iPad.storyboard */,
				279E2CE818512B3900E82947 /* LBViewController.h */,
				279E2CE918512B3900E82947 /* LBViewController.m */,
				279E2CEB18512B3900E82947 /* LBMyScene.h */,
				279E2CEC18512B3900E82947 /* LBMyScene.m */,
				279E2CEE18512B3900E82947 /* Spaceship.png */,
				279E2CF018512B3900E82947 /* Images.xcassets */,
				279E2CD718512B3900E82947 /* Supporting Files */,
			);
			path = LightBurst;
			sourceTree = "<group>";
		};
		279E2CD718512B3900E82947 /* Supporting Files */ = {
			isa = PBXGroup;
			children = (
				279E2CD818512B3900E82947 /* LightBurst-Info.plist */,
				279E2CD918512B3900E82947 /* InfoPlist.strings */,
				279E2CDC18512B3900E82947 /* main.m */,
				279E2CDE18512B3900E82947 /* LightBurst-Prefix.pch */,
			);
			name = "Supporting Files";
			sourceTree = "<group>";
		};
		279E2CFD18512B3900E82947 /* LightBurstTests */ = {
			isa = PBXGroup;
			children = (
				279E2D0318512B3900E82947 /* LightBurstTests.m */,
				279E2CFE18512B3900E82947 /* Supporting Files */,
			);
			path = LightBurstTests;
			sourceTree = "<group>";
		};
		279E2CFE18512B3900E82947 /* Supporting Files */ = {
			isa = PBXGroup;
			children = (
				279E2CFF18512B3900E82947 /* LightBurstTests-Info.plist */,
				279E2D0018512B3900E82947 /* InfoPlist.strings */,
			);
			name = "Supporting Files";
			sourceTree = "<group>";
		};
/* End PBXGroup section */

/* Begin PBXNativeTarget section */
		279E2CCA18512B3900E82947 /* LightBurst */ = {
			isa = PBXNativeTarget;
			buildConfigurationList = 279E2D0718512B3900E82947 /* Build configuration list for PBXNativeTarget "LightBurst" */;
			buildPhases = (
				279E2CC718512B3900E82947 /* Sources */,
				279E2CC818512B3900E82947 /* Frameworks */,
				279E2CC918512B3900E82947 /* Resources */,
			);
			buildRules = (
			);
			dependencies = (
			);
			name = LightBurst;
			productName = LightBurst;
			productReference = 279E2CCB18512B3900E82947 /* LightBurst.app */;
			productType = "com.apple.product-type.application";
		};
		279E2CF518512B3900E82947 /* LightBurstTests */ = {
			isa = PBXNativeTarget;
			buildConfigurationList = 279E2D0A18512B3900E82947 /* Build configuration list for PBXNativeTarget "LightBurstTests" */;
			buildPhases = (
				279E2CF218512B3900E82947 /* Sources */,
				279E2CF318512B3900E82947 /* Frameworks */,
				279E2CF418512B3900E82947 /* Resources */,
			);
			buildRules = (
			);
			dependencies = (
				279E2CFC18512B3900E82947 /* PBXTargetDependency */,
			);
			name = LightBurstTests;
			productName = LightBurstTests;
			productReference = 279E2CF618512B3900E82947 /* LightBurstTests.xctest */;
			productType = "com.apple.product-type.bundle.unit-test";
		};
/* End PBXNativeTarget section */

/* Begin PBXProject section */
		279E2CC318512B3800E82947 /* Project object */ = {
			isa = PBXProject;
			attributes = {
				CLASSPREFIX = LB;
				LastUpgradeCheck = 0500;
				ORGANIZATIONNAME = chriscombs;
				TargetAttributes = {
					279E2CF518512B3900E82947 = {
						TestTargetID = 279E2CCA18512B3900E82947;
					};
				};
			};
			buildConfigurationList = 279E2CC618512B3800E82947 /* Build configuration list for PBXProject "LightBurst" */;
			compatibilityVersion = "Xcode 3.2";
			developmentRegion = English;
			hasScannedForEncodings = 0;
			knownRegions = (
				en,
				Base,
			);
			mainGroup = 279E2CC218512B3800E82947;
			productRefGroup = 279E2CCC18512B3900E82947 /* Products */;
			projectDirPath = "";
			projectRoot = "";
			targets = (
				279E2CCA18512B3900E82947 /* LightBurst */,
				279E2CF518512B3900E82947 /* LightBurstTests */,
			);
		};
/* End PBXProject section */

/* Begin PBXResourcesBuildPhase section */
		279E2CC918512B3900E82947 /* Resources */ = {
			isa = PBXResourcesBuildPhase;
			buildActionMask = 2147483647;
			files = (
				279E2CEF18512B3900E82947 /* Spaceship.png in Resources */,
				279E2CF118512B3900E82947 /* Images.xcassets in Resources */,
				279E2CE718512B3900E82947 /* Main_iPad.storyboard in Resources */,
				279E2CE418512B3900E82947 /* Main_iPhone.storyboard in Resources */,
				279E2CDB18512B3900E82947 /* InfoPlist.strings in Resources */,
			);
			runOnlyForDeploymentPostprocessing = 0;
		};
		279E2CF418512B3900E82947 /* Resources */ = {
			isa = PBXResourcesBuildPhase;
			buildActionMask = 2147483647;
			files = (
				279E2D0218512B3900E82947 /* InfoPlist.strings in Resources */,
			);
			runOnlyForDeploymentPostprocessing = 0;
		};
/* End PBXResourcesBuildPhase section */

/* Begin PBXSourcesBuildPhase section */
		279E2CC718512B3900E82947 /* Sources */ = {
			isa = PBXSourcesBuildPhase;
			buildActionMask = 2147483647;
			files = (
				279E2CED18512B3900E82947 /* LBMyScene.m in Sources */,
				279E2CE118512B3900E82947 /* LBAppDelegate.m in Sources */,
				279E2CDD18512B3900E82947 /* main.m in Sources */,
				279E2CEA18512B3900E82947 /* LBViewController.m in Sources */,
			);
			runOnlyForDeploymentPostprocessing = 0;
		};
		279E2CF218512B3900E82947 /* Sources */ = {
			isa = PBXSourcesBuildPhase;
			buildActionMask = 2147483647;
			files = (
				279E2D0418512B3900E82947 /* LightBurstTests.m in Sources */,
			);
			runOnlyForDeploymentPostprocessing = 0;
		};
/* End PBXSourcesBuildPhase section */

/* Begin PBXTargetDependency section */
		279E2CFC18512B3900E82947 /* PBXTargetDependency */ = {
			isa = PBXTargetDependency;
			target = 279E2CCA18512B3900E82947 /* LightBurst */;
			targetProxy = 279E2CFB18512B3900E82947 /* PBXContainerItemProxy */;
		};
/* End PBXTargetDependency section */

/* Begin PBXVariantGroup section */
		279E2CD918512B3900E82947 /* InfoPlist.strings */ = {
			isa = PBXVariantGroup;
			children = (
				279E2CDA18512B3900E82947 /* en */,
			);
			name = InfoPlist.strings;
			sourceTree = "<group>";
		};
		279E2CE218512B3900E82947 /* Main_iPhone.storyboard */ = {
			isa = PBXVariantGroup;
			children = (
				279E2CE318512B3900E82947 /* Base */,
			);
			name = Main_iPhone.storyboard;
			sourceTree = "<group>";
		};
		279E2CE518512B3900E82947 /* Main_iPad.storyboard */ = {
			isa = PBXVariantGroup;
			children = (
				279E2CE618512B3900E82947 /* Base */,
			);
			name = Main_iPad.storyboard;
			sourceTree = "<group>";
		};
		279E2D0018512B3900E82947 /* InfoPlist.strings */ = {
			isa = PBXVariantGroup;
			children = (
				279E2D0118512B3900E82947 /* en */,
			);
			name = InfoPlist.strings;
			sourceTree = "<group>";
		};
/* End PBXVariantGroup section */

/* Begin XCBuildConfiguration section */
		279E2D0518512B3900E82947 /* Debug */ = {
			isa = XCBuildConfiguration;
			buildSettings = {
				ALWAYS_SEARCH_USER_PATHS = NO;
				ARCHS = "$(ARCHS_STANDARD_INCLUDING_64_BIT)";
				CLANG_CXX_LANGUAGE_STANDARD = "gnu++0x";
				CLANG_CXX_LIBRARY = "libc++";
				CLANG_ENABLE_MODULES = YES;
				CLANG_ENABLE_OBJC_ARC = YES;
				CLANG_WARN_BOOL_CONVERSION = YES;
				CLANG_WARN_CONSTANT_CONVERSION = YES;
				CLANG_WARN_DIRECT_OBJC_ISA_USAGE = YES_ERROR;
				CLANG_WARN_EMPTY_BODY = YES;
				CLANG_WARN_ENUM_CONVERSION = YES;
				CLANG_WARN_INT_CONVERSION = YES;
				CLANG_WARN_OBJC_ROOT_CLASS = YES_ERROR;
				CLANG_WARN__DUPLICATE_METHOD_MATCH = YES;
				"CODE_SIGN_IDENTITY[sdk=iphoneos*]" = "iPhone Developer";
				COPY_PHASE_STRIP = NO;
				GCC_C_LANGUAGE_STANDARD = gnu99;
				GCC_DYNAMIC_NO_PIC = NO;
				GCC_OPTIMIZATION_LEVEL = 0;
				GCC_PREPROCESSOR_DEFINITIONS = (
					"DEBUG=1",
					"$(inherited)",
				);
				GCC_SYMBOLS_PRIVATE_EXTERN = NO;
				GCC_WARN_64_TO_32_BIT_CONVERSION = YES;
				GCC_WARN_ABOUT_RETURN_TYPE = YES_ERROR;
				GCC_WARN_UNDECLARED_SELECTOR = YES;
				GCC_WARN_UNINITIALIZED_AUTOS = YES;
				GCC_WARN_UNUSED_FUNCTION = YES;
				GCC_WARN_UNUSED_VARIABLE = YES;
				IPHONEOS_DEPLOYMENT_TARGET = 7.0;
				ONLY_ACTIVE_ARCH = YES;
				SDKROOT = iphoneos;
				TARGETED_DEVICE_FAMILY = "1,2";
			};
			name = Debug;
		};
		279E2D0618512B3900E82947 /* Release */ = {
			isa = XCBuildConfiguration;
			buildSettings = {
				ALWAYS_SEARCH_USER_PATHS = NO;
				ARCHS = "$(ARCHS_STANDARD_INCLUDING_64_BIT)";
				CLANG_CXX_LANGUAGE_STANDARD = "gnu++0x";
				CLANG_CXX_LIBRARY = "libc++";
				CLANG_ENABLE_MODULES = YES;
				CLANG_ENABLE_OBJC_ARC = YES;
				CLANG_WARN_BOOL_CONVERSION = YES;
				CLANG_WARN_CONSTANT_CONVERSION = YES;
				CLANG_WARN_DIRECT_OBJC_ISA_USAGE = YES_ERROR;
				CLANG_WARN_EMPTY_BODY = YES;
				CLANG_WARN_ENUM_CONVERSION = YES;
				CLANG_WARN_INT_CONVERSION = YES;
				CLANG_WARN_OBJC_ROOT_CLASS = YES_ERROR;
				CLANG_WARN__DUPLICATE_METHOD_MATCH = YES;
				"CODE_SIGN_IDENTITY[sdk=iphoneos*]" = "iPhone Developer";
				COPY_PHASE_STRIP = YES;
				ENABLE_NS_ASSERTIONS = NO;
				GCC_C_LANGUAGE_STANDARD = gnu99;
				GCC_WARN_64_TO_32_BIT_CONVERSION = YES;
				GCC_WARN_ABOUT_RETURN_TYPE = YES_ERROR;
				GCC_WARN_UNDECLARED_SELECTOR = YES;
				GCC_WARN_UNINITIALIZED_AUTOS = YES;
				GCC_WARN_UNUSED_FUNCTION = YES;
				GCC_WARN_UNUSED_VARIABLE = YES;
				IPHONEOS_DEPLOYMENT_TARGET = 7.0;
				SDKROOT = iphoneos;
				TARGETED_DEVICE_FAMILY = "1,2";
				VALIDATE_PRODUCT = YES;
			};
			name = Release;
		};
		279E2D0818512B3900E82947 /* Debug */ = {
			isa = XCBuildConfiguration;
			buildSettings = {
				ASSETCATALOG_COMPILER_APPICON_NAME = AppIcon;
				ASSETCATALOG_COMPILER_LAUNCHIMAGE_NAME = LaunchImage;
				GCC_PRECOMPILE_PREFIX_HEADER = YES;
				GCC_PREFIX_HEADER = "LightBurst/LightBurst-Prefix.pch";
				INFOPLIST_FILE = "LightBurst/LightBurst-Info.plist";
				PRODUCT_NAME = "$(TARGET_NAME)";
				SPRITEKIT_TEXTURE_ATLAS_OUTPUT = YES;
				WRAPPER_EXTENSION = app;
			};
			name = Debug;
		};
		279E2D0918512B3900E82947 /* Release */ = {
			isa = XCBuildConfiguration;
			buildSettings = {
				ASSETCATALOG_COMPILER_APPICON_NAME = AppIcon;
				ASSETCATALOG_COMPILER_LAUNCHIMAGE_NAME = LaunchImage;
				GCC_PRECOMPILE_PREFIX_HEADER = YES;
				GCC_PREFIX_HEADER = "LightBurst/LightBurst-Prefix.pch";
				INFOPLIST_FILE = "LightBurst/LightBurst-Info.plist";
				PRODUCT_NAME = "$(TARGET_NAME)";
				SPRITEKIT_TEXTURE_ATLAS_OUTPUT = YES;
				WRAPPER_EXTENSION = app;
			};
			name = Release;
		};
		279E2D0B18512B3900E82947 /* Debug */ = {
			isa = XCBuildConfiguration;
			buildSettings = {
				ARCHS = "$(ARCHS_STANDARD_INCLUDING_64_BIT)";
				BUNDLE_LOADER = "$(BUILT_PRODUCTS_DIR)/LightBurst.app/LightBurst";
				FRAMEWORK_SEARCH_PATHS = (
					"$(SDKROOT)/Developer/Library/Frameworks",
					"$(inherited)",
					"$(DEVELOPER_FRAMEWORKS_DIR)",
				);
				GCC_PRECOMPILE_PREFIX_HEADER = YES;
				GCC_PREFIX_HEADER = "LightBurst/LightBurst-Prefix.pch";
				GCC_PREPROCESSOR_DEFINITIONS = (
					"DEBUG=1",
					"$(inherited)",
				);
				INFOPLIST_FILE = "LightBurstTests/LightBurstTests-Info.plist";
				PRODUCT_NAME = "$(TARGET_NAME)";
				TEST_HOST = "$(BUNDLE_LOADER)";
				WRAPPER_EXTENSION = xctest;
			};
			name = Debug;
		};
		279E2D0C18512B3900E82947 /* Release */ = {
			isa = XCBuildConfiguration;
			buildSettings = {
				ARCHS = "$(ARCHS_STANDARD_INCLUDING_64_BIT)";
				BUNDLE_LOADER = "$(BUILT_PRODUCTS_DIR)/LightBurst.app/LightBurst";
				FRAMEWORK_SEARCH_PATHS = (
					"$(SDKROOT)/Developer/Library/Frameworks",
					"$(inherited)",
					"$(DEVELOPER_FRAMEWORKS_DIR)",
				);
				GCC_PRECOMPILE_PREFIX_HEADER = YES;
				GCC_PREFIX_HEADER = "LightBurst/LightBurst-Prefix.pch";
				INFOPLIST_FILE = "LightBurstTests/LightBurstTests-Info.plist";
				PRODUCT_NAME = "$(TARGET_NAME)";
				TEST_HOST = "$(BUNDLE_LOADER)";
				WRAPPER_EXTENSION = xctest;
			};
			name = Release;
		};
/* End XCBuildConfiguration section */

/* Begin XCConfigurationList section */
		279E2CC618512B3800E82947 /* Build configuration list for PBXProject "LightBurst" */ = {
			isa = XCConfigurationList;
			buildConfigurations = (
				279E2D0518512B3900E82947 /* Debug */,
				279E2D0618512B3900E82947 /* Release */,
			);
			defaultConfigurationIsVisible = 0;
			defaultConfigurationName = Release;
		};
		279E2D0718512B3900E82947 /* Build configuration list for PBXNativeTarget "LightBurst" */ = {
			isa = XCConfigurationList;
			buildConfigurations = (
				279E2D0818512B3900E82947 /* Debug */,
				279E2D0918512B3900E82947 /* Release */,
			);
			defaultConfigurationIsVisible = 0;
		};
		279E2D0A18512B3900E82947 /* Build configuration list for PBXNativeTarget "LightBurstTests" */ = {
			isa = XCConfigurationList;
			buildConfigurations = (
				279E2D0B18512B3900E82947 /* Debug */,
				279E2D0C18512B3900E82947 /* Release */,
			);
			defaultConfigurationIsVisible = 0;
		};
/* End XCConfigurationList section */
	};
	rootObject = 279E2CC318512B3800E82947 /* Project object */;
}
